// !$*UTF8*$!
{
	archiveVersion = 1;
	classes = {
	};
	objectVersion = 48;
	objects = {

/* Begin PBXBuildFile section */
		136A3C14204FABCB001CB138 /* AppDelegate.m in Sources */ = {isa = PBXBuildFile; fileRef = 136A3C13204FABCB001CB138 /* AppDelegate.m */; };
		136A3C17204FABCB001CB138 /* ViewController.m in Sources */ = {isa = PBXBuildFile; fileRef = 136A3C16204FABCB001CB138 /* ViewController.m */; };
		136A3C1A204FABCB001CB138 /* Main.storyboard in Resources */ = {isa = PBXBuildFile; fileRef = 136A3C18204FABCB001CB138 /* Main.storyboard */; };
		136A3C1C204FABCB001CB138 /* Assets.xcassets in Resources */ = {isa = PBXBuildFile; fileRef = 136A3C1B204FABCB001CB138 /* Assets.xcassets */; };
		136A3C1F204FABCB001CB138 /* LaunchScreen.storyboard in Resources */ = {isa = PBXBuildFile; fileRef = 136A3C1D204FABCB001CB138 /* LaunchScreen.storyboard */; };
		136A3C22204FABCB001CB138 /* main.m in Sources */ = {isa = PBXBuildFile; fileRef = 136A3C21204FABCB001CB138 /* main.m */; };
		136A3C2C204FABCB001CB138 /* ______Tests.m in Sources */ = {isa = PBXBuildFile; fileRef = 136A3C2B204FABCB001CB138 /* ______Tests.m */; };
		136A3C37204FABCB001CB138 /* ______UITests.m in Sources */ = {isa = PBXBuildFile; fileRef = 136A3C36204FABCB001CB138 /* ______UITests.m */; };
		136A3C46204FAC39001CB138 /* DJStepper.m in Sources */ = {isa = PBXBuildFile; fileRef = 136A3C45204FAC39001CB138 /* DJStepper.m */; };
		136A3C48204FAEFC001CB138 /* DJStepper.bundle in Resources */ = {isa = PBXBuildFile; fileRef = 136A3C47204FAEFC001CB138 /* DJStepper.bundle */; };
/* End PBXBuildFile section */

/* Begin PBXContainerItemProxy section */
		136A3C28204FABCB001CB138 /* PBXContainerItemProxy */ = {
			isa = PBXContainerItemProxy;
			containerPortal = 136A3C07204FABCB001CB138 /* Project object */;
			proxyType = 1;
			remoteGlobalIDString = 136A3C0E204FABCB001CB138;
			remoteInfo = "数量加减按钮";
		};
		136A3C33204FABCB001CB138 /* PBXContainerItemProxy */ = {
			isa = PBXContainerItemProxy;
			containerPortal = 136A3C07204FABCB001CB138 /* Project object */;
			proxyType = 1;
			remoteGlobalIDString = 136A3C0E204FABCB001CB138;
			remoteInfo = "数量加减按钮";
		};
/* End PBXContainerItemProxy section */

/* Begin PBXFileReference section */
		136A3C0F204FABCB001CB138 /* 数量加减按钮.app */ = {isa = PBXFileReference; explicitFileType = wrapper.application; includeInIndex = 0; path = "数量加减按钮.app"; sourceTree = BUILT_PRODUCTS_DIR; };
		136A3C12204FABCB001CB138 /* AppDelegate.h */ = {isa = PBXFileReference; lastKnownFileType = sourcecode.c.h; path = AppDelegate.h; sourceTree = "<group>"; };
		136A3C13204FABCB001CB138 /* AppDelegate.m */ = {isa = PBXFileReference; lastKnownFileType = sourcecode.c.objc; path = AppDelegate.m; sourceTree = "<group>"; };
		136A3C15204FABCB001CB138 /* ViewController.h */ = {isa = PBXFileReference; lastKnownFileType = sourcecode.c.h; path = ViewController.h; sourceTree = "<group>"; };
		136A3C16204FABCB001CB138 /* ViewController.m */ = {isa = PBXFileReference; lastKnownFileType = sourcecode.c.objc; path = ViewController.m; sourceTree = "<group>"; };
		136A3C19204FABCB001CB138 /* Base */ = {isa = PBXFileReference; lastKnownFileType = file.storyboard; name = Base; path = Base.lproj/Main.storyboard; sourceTree = "<group>"; };
		136A3C1B204FABCB001CB138 /* Assets.xcassets */ = {isa = PBXFileReference; lastKnownFileType = folder.assetcatalog; path = Assets.xcassets; sourceTree = "<group>"; };
		136A3C1E204FABCB001CB138 /* Base */ = {isa = PBXFileReference; lastKnownFileType = file.storyboard; name = Base; path = Base.lproj/LaunchScreen.storyboard; sourceTree = "<group>"; };
		136A3C20204FABCB001CB138 /* Info.plist */ = {isa = PBXFileReference; lastKnownFileType = text.plist.xml; path = Info.plist; sourceTree = "<group>"; };
		136A3C21204FABCB001CB138 /* main.m */ = {isa = PBXFileReference; lastKnownFileType = sourcecode.c.objc; path = main.m; sourceTree = "<group>"; };
		136A3C27204FABCB001CB138 /* 数量加减按钮Tests.xctest */ = {isa = PBXFileReference; explicitFileType = wrapper.cfbundle; includeInIndex = 0; path = "数量加减按钮Tests.xctest"; sourceTree = BUILT_PRODUCTS_DIR; };
		136A3C2B204FABCB001CB138 /* ______Tests.m */ = {isa = PBXFileReference; lastKnownFileType = sourcecode.c.objc; path = "______Tests.m"; sourceTree = "<group>"; };
		136A3C2D204FABCB001CB138 /* Info.plist */ = {isa = PBXFileReference; lastKnownFileType = text.plist.xml; path = Info.plist; sourceTree = "<group>"; };
		136A3C32204FABCB001CB138 /* 数量加减按钮UITests.xctest */ = {isa = PBXFileReference; explicitFileType = wrapper.cfbundle; includeInIndex = 0; path = "数量加减按钮UITests.xctest"; sourceTree = BUILT_PRODUCTS_DIR; };
		136A3C36204FABCB001CB138 /* ______UITests.m */ = {isa = PBXFileReference; lastKnownFileType = sourcecode.c.objc; path = "______UITests.m"; sourceTree = "<group>"; };
		136A3C38204FABCB001CB138 /* Info.plist */ = {isa = PBXFileReference; lastKnownFileType = text.plist.xml; path = Info.plist; sourceTree = "<group>"; };
		136A3C44204FAC39001CB138 /* DJStepper.h */ = {isa = PBXFileReference; lastKnownFileType = sourcecode.c.h; path = DJStepper.h; sourceTree = "<group>"; };
		136A3C45204FAC39001CB138 /* DJStepper.m */ = {isa = PBXFileReference; lastKnownFileType = sourcecode.c.objc; path = DJStepper.m; sourceTree = "<group>"; };
		136A3C47204FAEFC001CB138 /* DJStepper.bundle */ = {isa = PBXFileReference; lastKnownFileType = "wrapper.plug-in"; path = DJStepper.bundle; sourceTree = "<group>"; };
/* End PBXFileReference section */

/* Begin PBXFrameworksBuildPhase section */
		136A3C0C204FABCB001CB138 /* Frameworks */ = {
			isa = PBXFrameworksBuildPhase;
			buildActionMask = 2147483647;
			files = (
			);
			runOnlyForDeploymentPostprocessing = 0;
		};
		136A3C24204FABCB001CB138 /* Frameworks */ = {
			isa = PBXFrameworksBuildPhase;
			buildActionMask = 2147483647;
			files = (
			);
			runOnlyForDeploymentPostprocessing = 0;
		};
		136A3C2F204FABCB001CB138 /* Frameworks */ = {
			isa = PBXFrameworksBuildPhase;
			buildActionMask = 2147483647;
			files = (
			);
			runOnlyForDeploymentPostprocessing = 0;
		};
/* End PBXFrameworksBuildPhase section */

/* Begin PBXGroup section */
		136A3C06204FABCB001CB138 = {
			isa = PBXGroup;
			children = (
				136A3C11204FABCB001CB138 /* 数量加减按钮 */,
				136A3C2A204FABCB001CB138 /* 数量加减按钮Tests */,
				136A3C35204FABCB001CB138 /* 数量加减按钮UITests */,
				136A3C10204FABCB001CB138 /* Products */,
			);
			sourceTree = "<group>";
		};
		136A3C10204FABCB001CB138 /* Products */ = {
			isa = PBXGroup;
			children = (
				136A3C0F204FABCB001CB138 /* 数量加减按钮.app */,
				136A3C27204FABCB001CB138 /* 数量加减按钮Tests.xctest */,
				136A3C32204FABCB001CB138 /* 数量加减按钮UITests.xctest */,
			);
			name = Products;
			sourceTree = "<group>";
		};
		136A3C11204FABCB001CB138 /* 数量加减按钮 */ = {
			isa = PBXGroup;
			children = (
				136A3C12204FABCB001CB138 /* AppDelegate.h */,
				136A3C13204FABCB001CB138 /* AppDelegate.m */,
				136A3C15204FABCB001CB138 /* ViewController.h */,
				136A3C16204FABCB001CB138 /* ViewController.m */,
				136A3C18204FABCB001CB138 /* Main.storyboard */,
				136A3C1B204FABCB001CB138 /* Assets.xcassets */,
				136A3C1D204FABCB001CB138 /* LaunchScreen.storyboard */,
				136A3C20204FABCB001CB138 /* Info.plist */,
				136A3C21204FABCB001CB138 /* main.m */,
				136A3C44204FAC39001CB138 /* DJStepper.h */,
				136A3C45204FAC39001CB138 /* DJStepper.m */,
				136A3C47204FAEFC001CB138 /* DJStepper.bundle */,
			);
			path = "数量加减按钮";
			sourceTree = "<group>";
		};
		136A3C2A204FABCB001CB138 /* 数量加减按钮Tests */ = {
			isa = PBXGroup;
			children = (
				136A3C2B204FABCB001CB138 /* ______Tests.m */,
				136A3C2D204FABCB001CB138 /* Info.plist */,
			);
			path = "数量加减按钮Tests";
			sourceTree = "<group>";
		};
		136A3C35204FABCB001CB138 /* 数量加减按钮UITests */ = {
			isa = PBXGroup;
			children = (
				136A3C36204FABCB001CB138 /* ______UITests.m */,
				136A3C38204FABCB001CB138 /* Info.plist */,
			);
			path = "数量加减按钮UITests";
			sourceTree = "<group>";
		};
/* End PBXGroup section */

/* Begin PBXNativeTarget section */
		136A3C0E204FABCB001CB138 /* 数量加减按钮 */ = {
			isa = PBXNativeTarget;
			buildConfigurationList = 136A3C3B204FABCB001CB138 /* Build configuration list for PBXNativeTarget "数量加减按钮" */;
			buildPhases = (
				136A3C0B204FABCB001CB138 /* Sources */,
				136A3C0C204FABCB001CB138 /* Frameworks */,
				136A3C0D204FABCB001CB138 /* Resources */,
			);
			buildRules = (
			);
			dependencies = (
			);
			name = "数量加减按钮";
			productName = "数量加减按钮";
			productReference = 136A3C0F204FABCB001CB138 /* 数量加减按钮.app */;
			productType = "com.apple.product-type.application";
		};
		136A3C26204FABCB001CB138 /* 数量加减按钮Tests */ = {
			isa = PBXNativeTarget;
			buildConfigurationList = 136A3C3E204FABCB001CB138 /* Build configuration list for PBXNativeTarget "数量加减按钮Tests" */;
			buildPhases = (
				136A3C23204FABCB001CB138 /* Sources */,
				136A3C24204FABCB001CB138 /* Frameworks */,
				136A3C25204FABCB001CB138 /* Resources */,
			);
			buildRules = (
			);
			dependencies = (
				136A3C29204FABCB001CB138 /* PBXTargetDependency */,
			);
			name = "数量加减按钮Tests";
			productName = "数量加减按钮Tests";
			productReference = 136A3C27204FABCB001CB138 /* 数量加减按钮Tests.xctest */;
			productType = "com.apple.product-type.bundle.unit-test";
		};
		136A3C31204FABCB001CB138 /* 数量加减按钮UITests */ = {
			isa = PBXNativeTarget;
			buildConfigurationList = 136A3C41204FABCB001CB138 /* Build configuration list for PBXNativeTarget "数量加减按钮UITests" */;
			buildPhases = (
				136A3C2E204FABCB001CB138 /* Sources */,
				136A3C2F204FABCB001CB138 /* Frameworks */,
				136A3C30204FABCB001CB138 /* Resources */,
			);
			buildRules = (
			);
			dependencies = (
				136A3C34204FABCB001CB138 /* PBXTargetDependency */,
			);
			name = "数量加减按钮UITests";
			productName = "数量加减按钮UITests";
			productReference = 136A3C32204FABCB001CB138 /* 数量加减按钮UITests.xctest */;
			productType = "com.apple.product-type.bundle.ui-testing";
		};
/* End PBXNativeTarget section */

/* Begin PBXProject section */
		136A3C07204FABCB001CB138 /* Project object */ = {
			isa = PBXProject;
			attributes = {
				LastUpgradeCheck = 0920;
				ORGANIZATIONNAME = DJX;
				TargetAttributes = {
					136A3C0E204FABCB001CB138 = {
						CreatedOnToolsVersion = 9.2;
						ProvisioningStyle = Automatic;
					};
					136A3C26204FABCB001CB138 = {
						CreatedOnToolsVersion = 9.2;
						ProvisioningStyle = Automatic;
						TestTargetID = 136A3C0E204FABCB001CB138;
					};
					136A3C31204FABCB001CB138 = {
						CreatedOnToolsVersion = 9.2;
						ProvisioningStyle = Automatic;
						TestTargetID = 136A3C0E204FABCB001CB138;
					};
				};
			};
			buildConfigurationList = 136A3C0A204FABCB001CB138 /* Build configuration list for PBXProject "数量加减按钮" */;
			compatibilityVersion = "Xcode 8.0";
			developmentRegion = en;
			hasScannedForEncodings = 0;
			knownRegions = (
				en,
				Base,
			);
			mainGroup = 136A3C06204FABCB001CB138;
			productRefGroup = 136A3C10204FABCB001CB138 /* Products */;
			projectDirPath = "";
			projectRoot = "";
			targets = (
				136A3C0E204FABCB001CB138 /* 数量加减按钮 */,
				136A3C26204FABCB001CB138 /* 数量加减按钮Tests */,
				136A3C31204FABCB001CB138 /* 数量加减按钮UITests */,
			);
		};
/* End PBXProject section */

/* Begin PBXResourcesBuildPhase section */
		136A3C0D204FABCB001CB138 /* Resources */ = {
			isa = PBXResourcesBuildPhase;
			buildActionMask = 2147483647;
			files = (
				136A3C1F204FABCB001CB138 /* LaunchScreen.storyboard in Resources */,
				136A3C48204FAEFC001CB138 /* DJStepper.bundle in Resources */,
				136A3C1C204FABCB001CB138 /* Assets.xcassets in Resources */,
				136A3C1A204FABCB001CB138 /* Main.storyboard in Resources */,
			);
			runOnlyForDeploymentPostprocessing = 0;
		};
		136A3C25204FABCB001CB138 /* Resources */ = {
			isa = PBXResourcesBuildPhase;
			buildActionMask = 2147483647;
			files = (
			);
			runOnlyForDeploymentPostprocessing = 0;
		};
		136A3C30204FABCB001CB138 /* Resources */ = {
			isa = PBXResourcesBuildPhase;
			buildActionMask = 2147483647;
			files = (
			);
			runOnlyForDeploymentPostprocessing = 0;
		};
/* End PBXResourcesBuildPhase section */

/* Begin PBXSourcesBuildPhase section */
		136A3C0B204FABCB001CB138 /* Sources */ = {
			isa = PBXSourcesBuildPhase;
			buildActionMask = 2147483647;
			files = (
				136A3C17204FABCB001CB138 /* ViewController.m in Sources */,
				136A3C22204FABCB001CB138 /* main.m in Sources */,
				136A3C14204FABCB001CB138 /* AppDelegate.m in Sources */,
				136A3C46204FAC39001CB138 /* DJStepper.m in Sources */,
			);
			runOnlyForDeploymentPostprocessing = 0;
		};
		136A3C23204FABCB001CB138 /* Sources */ = {
			isa = PBXSourcesBuildPhase;
			buildActionMask = 2147483647;
			files = (
				136A3C2C204FABCB001CB138 /* ______Tests.m in Sources */,
			);
			runOnlyForDeploymentPostprocessing = 0;
		};
		136A3C2E204FABCB001CB138 /* Sources */ = {
			isa = PBXSourcesBuildPhase;
			buildActionMask = 2147483647;
			files = (
				136A3C37204FABCB001CB138 /* ______UITests.m in Sources */,
			);
			runOnlyForDeploymentPostprocessing = 0;
		};
/* End PBXSourcesBuildPhase section */

/* Begin PBXTargetDependency section */
		136A3C29204FABCB001CB138 /* PBXTargetDependency */ = {
			isa = PBXTargetDependency;
			target = 136A3C0E204FABCB001CB138 /* 数量加减按钮 */;
			targetProxy = 136A3C28204FABCB001CB138 /* PBXContainerItemProxy */;
		};
		136A3C34204FABCB001CB138 /* PBXTargetDependency */ = {
			isa = PBXTargetDependency;
			target = 136A3C0E204FABCB001CB138 /* 数量加减按钮 */;
			targetProxy = 136A3C33204FABCB001CB138 /* PBXContainerItemProxy */;
		};
/* End PBXTargetDependency section */

/* Begin PBXVariantGroup section */
		136A3C18204FABCB001CB138 /* Main.storyboard */ = {
			isa = PBXVariantGroup;
			children = (
				136A3C19204FABCB001CB138 /* Base */,
			);
			name = Main.storyboard;
			sourceTree = "<group>";
		};
		136A3C1D204FABCB001CB138 /* LaunchScreen.storyboard */ = {
			isa = PBXVariantGroup;
			children = (
				136A3C1E204FABCB001CB138 /* Base */,
			);
			name = LaunchScreen.storyboard;
			sourceTree = "<group>";
		};
/* End PBXVariantGroup section */

/* Begin XCBuildConfiguration section */
		136A3C39204FABCB001CB138 /* Debug */ = {
			isa = XCBuildConfiguration;
			buildSettings = {
				ALWAYS_SEARCH_USER_PATHS = NO;
				CLANG_ANALYZER_NONNULL = YES;
				CLANG_ANALYZER_NUMBER_OBJECT_CONVERSION = YES_AGGRESSIVE;
				CLANG_CXX_LANGUAGE_STANDARD = "gnu++14";
				CLANG_CXX_LIBRARY = "libc++";
				CLANG_ENABLE_MODULES = YES;
				CLANG_ENABLE_OBJC_ARC = YES;
				CLANG_WARN_BLOCK_CAPTURE_AUTORELEASING = YES;
				CLANG_WARN_BOOL_CONVERSION = YES;
				CLANG_WARN_COMMA = YES;
				CLANG_WARN_CONSTANT_CONVERSION = YES;
				CLANG_WARN_DIRECT_OBJC_ISA_USAGE = YES_ERROR;
				CLANG_WARN_DOCUMENTATION_COMMENTS = YES;
				CLANG_WARN_EMPTY_BODY = YES;
				CLANG_WARN_ENUM_CONVERSION = YES;
				CLANG_WARN_INFINITE_RECURSION = YES;
				CLANG_WARN_INT_CONVERSION = YES;
				CLANG_WARN_NON_LITERAL_NULL_CONVERSION = YES;
				CLANG_WARN_OBJC_LITERAL_CONVERSION = YES;
				CLANG_WARN_OBJC_ROOT_CLASS = YES_ERROR;
				CLANG_WARN_RANGE_LOOP_ANALYSIS = YES;
				CLANG_WARN_STRICT_PROTOTYPES = YES;
				CLANG_WARN_SUSPICIOUS_MOVE = YES;
				CLANG_WARN_UNGUARDED_AVAILABILITY = YES_AGGRESSIVE;
				CLANG_WARN_UNREACHABLE_CODE = YES;
				CLANG_WARN__DUPLICATE_METHOD_MATCH = YES;
				CODE_SIGN_IDENTITY = "iPhone Developer";
				COPY_PHASE_STRIP = NO;
				DEBUG_INFORMATION_FORMAT = dwarf;
				ENABLE_STRICT_OBJC_MSGSEND = YES;
				ENABLE_TESTABILITY = YES;
				GCC_C_LANGUAGE_STANDARD = gnu11;
				GCC_DYNAMIC_NO_PIC = NO;
				GCC_NO_COMMON_BLOCKS = YES;
				GCC_OPTIMIZATION_LEVEL = 0;
				GCC_PREPROCESSOR_DEFINITIONS = (
					"DEBUG=1",
					"$(inherited)",
				);
				GCC_WARN_64_TO_32_BIT_CONVERSION = YES;
				GCC_WARN_ABOUT_RETURN_TYPE = YES_ERROR;
				GCC_WARN_UNDECLARED_SELECTOR = YES;
				GCC_WARN_UNINITIALIZED_AUTOS = YES_AGGRESSIVE;
				GCC_WARN_UNUSED_FUNCTION = YES;
				GCC_WARN_UNUSED_VARIABLE = YES;
				IPHONEOS_DEPLOYMENT_TARGET = 11.2;
				MTL_ENABLE_DEBUG_INFO = YES;
				ONLY_ACTIVE_ARCH = YES;
				SDKROOT = iphoneos;
			};
			name = Debug;
		};
		136A3C3A204FABCB001CB138 /* Release */ = {
			isa = XCBuildConfiguration;
			buildSettings = {
				ALWAYS_SEARCH_USER_PATHS = NO;
				CLANG_ANALYZER_NONNULL = YES;
				CLANG_ANALYZER_NUMBER_OBJECT_CONVERSION = YES_AGGRESSIVE;
				CLANG_CXX_LANGUAGE_STANDARD = "gnu++14";
				CLANG_CXX_LIBRARY = "libc++";
				CLANG_ENABLE_MODULES = YES;
				CLANG_ENABLE_OBJC_ARC = YES;
				CLANG_WARN_BLOCK_CAPTURE_AUTORELEASING = YES;
				CLANG_WARN_BOOL_CONVERSION = YES;
				CLANG_WARN_COMMA = YES;
				CLANG_WARN_CONSTANT_CONVERSION = YES;
				CLANG_WARN_DIRECT_OBJC_ISA_USAGE = YES_ERROR;
				CLANG_WARN_DOCUMENTATION_COMMENTS = YES;
				CLANG_WARN_EMPTY_BODY = YES;
				CLANG_WARN_ENUM_CONVERSION = YES;
				CLANG_WARN_INFINITE_RECURSION = YES;
				CLANG_WARN_INT_CONVERSION = YES;
				CLANG_WARN_NON_LITERAL_NULL_CONVERSION = YES;
				CLANG_WARN_OBJC_LITERAL_CONVERSION = YES;
				CLANG_WARN_OBJC_ROOT_CLASS = YES_ERROR;
				CLANG_WARN_RANGE_LOOP_ANALYSIS = YES;
				CLANG_WARN_STRICT_PROTOTYPES = YES;
				CLANG_WARN_SUSPICIOUS_MOVE = YES;
				CLANG_WARN_UNGUARDED_AVAILABILITY = YES_AGGRESSIVE;
				CLANG_WARN_UNREACHABLE_CODE = YES;
				CLANG_WARN__DUPLICATE_METHOD_MATCH = YES;
				CODE_SIGN_IDENTITY = "iPhone Developer";
				COPY_PHASE_STRIP = NO;
				DEBUG_INFORMATION_FORMAT = "dwarf-with-dsym";
				ENABLE_NS_ASSERTIONS = NO;
				ENABLE_STRICT_OBJC_MSGSEND = YES;
				GCC_C_LANGUAGE_STANDARD = gnu11;
				GCC_NO_COMMON_BLOCKS = YES;
				GCC_WARN_64_TO_32_BIT_CONVERSION = YES;
				GCC_WARN_ABOUT_RETURN_TYPE = YES_ERROR;
				GCC_WARN_UNDECLARED_SELECTOR = YES;
				GCC_WARN_UNINITIALIZED_AUTOS = YES_AGGRESSIVE;
				GCC_WARN_UNUSED_FUNCTION = YES;
				GCC_WARN_UNUSED_VARIABLE = YES;
				IPHONEOS_DEPLOYMENT_TARGET = 11.2;
				MTL_ENABLE_DEBUG_INFO = NO;
				SDKROOT = iphoneos;
				VALIDATE_PRODUCT = YES;
			};
			name = Release;
		};
		136A3C3C204FABCB001CB138 /* Debug */ = {
			isa = XCBuildConfiguration;
			buildSettings = {
				ASSETCATALOG_COMPILER_APPICON_NAME = AppIcon;
				CODE_SIGN_IDENTITY = "iPhone Distribution: BAOYUAN PROPERTY Co., Ltd.";
				CODE_SIGN_STYLE = Automatic;
				DEVELOPMENT_TEAM = 5QPLT7NS76;
				INFOPLIST_FILE = "数量加减按钮/Info.plist";
				LD_RUNPATH_SEARCH_PATHS = "$(inherited) @executable_path/Frameworks";
				PRODUCT_BUNDLE_IDENTIFIER = "www.DJXStudyDemo1111.------";
				PRODUCT_NAME = "$(TARGET_NAME)";
				TARGETED_DEVICE_FAMILY = "1,2";
			};
			name = Debug;
		};
		136A3C3D204FABCB001CB138 /* Release */ = {
			isa = XCBuildConfiguration;
			buildSettings = {
				ASSETCATALOG_COMPILER_APPICON_NAME = AppIcon;
				CODE_SIGN_IDENTITY = "iPhone Distribution: BAOYUAN PROPERTY Co., Ltd.";
				CODE_SIGN_STYLE = Automatic;
				DEVELOPMENT_TEAM = 5QPLT7NS76;
				INFOPLIST_FILE = "数量加减按钮/Info.plist";
				LD_RUNPATH_SEARCH_PATHS = "$(inherited) @executable_path/Frameworks";
				PRODUCT_BUNDLE_IDENTIFIER = "www.DJXStudyDemo1111.------";
				PRODUCT_NAME = "$(TARGET_NAME)";
				TARGETED_DEVICE_FAMILY = "1,2";
			};
			name = Release;
		};
		136A3C3F204FABCB001CB138 /* Debug */ = {
			isa = XCBuildConfiguration;
			buildSettings = {
				BUNDLE_LOADER = "$(TEST_HOST)";
				CODE_SIGN_STYLE = Automatic;
				DEVELOPMENT_TEAM = EX464M26XB;
				INFOPLIST_FILE = "数量加减按钮Tests/Info.plist";
				LD_RUNPATH_SEARCH_PATHS = "$(inherited) @executable_path/Frameworks @loader_path/Frameworks";
				PRODUCT_BUNDLE_IDENTIFIER = "www.DJXStudyDemo.------Tests";
				PRODUCT_NAME = "$(TARGET_NAME)";
				TARGETED_DEVICE_FAMILY = "1,2";
				TEST_HOST = "$(BUILT_PRODUCTS_DIR)/数量加减按钮.app/数量加减按钮";
			};
			name = Debug;
		};
		136A3C40204FABCB001CB138 /* Release */ = {
			isa = XCBuildConfiguration;
			buildSettings = {
				BUNDLE_LOADER = "$(TEST_HOST)";
				CODE_SIGN_STYLE = Automatic;
				DEVELOPMENT_TEAM = EX464M26XB;
				INFOPLIST_FILE = "数量加减按钮Tests/Info.plist";
				LD_RUNPATH_SEARCH_PATHS = "$(inherited) @executable_path/Frameworks @loader_path/Frameworks";
				PRODUCT_BUNDLE_IDENTIFIER = "www.DJXStudyDemo.------Tests";
				PRODUCT_NAME = "$(TARGET_NAME)";
				TARGETED_DEVICE_FAMILY = "1,2";
				TEST_HOST = "$(BUILT_PRODUCTS_DIR)/数量加减按钮.app/数量加减按钮";
			};
			name = Release;
		};
		136A3C42204FABCB001CB138 /* Debug */ = {
			isa = XCBuildConfiguration;
			buildSettings = {
				CODE_SIGN_STYLE = Automatic;
				DEVELOPMENT_TEAM = EX464M26XB;
				INFOPLIST_FILE = "数量加减按钮UITests/Info.plist";
				LD_RUNPATH_SEARCH_PATHS = "$(inherited) @executable_path/Frameworks @loader_path/Frameworks";
				PRODUCT_BUNDLE_IDENTIFIER = "www.DJXStudyDemo.------UITests";
				PRODUCT_NAME = "$(TARGET_NAME)";
				TARGETED_DEVICE_FAMILY = "1,2";
				TEST_TARGET_NAME = "数量加减按钮";
			};
			name = Debug;
		};
		136A3C43204FABCB001CB138 /* Release */ = {
			isa = XCBuildConfiguration;
			buildSettings = {
				CODE_SIGN_STYLE = Automatic;
				DEVELOPMENT_TEAM = EX464M26XB;
				INFOPLIST_FILE = "数量加减按钮UITests/Info.plist";
				LD_RUNPATH_SEARCH_PATHS = "$(inherited) @executable_path/Frameworks @loader_path/Frameworks";
				PRODUCT_BUNDLE_IDENTIFIER = "www.DJXStudyDemo.------UITests";
				PRODUCT_NAME = "$(TARGET_NAME)";
				TARGETED_DEVICE_FAMILY = "1,2";
				TEST_TARGET_NAME = "数量加减按钮";
			};
			name = Release;
		};
/* End XCBuildConfiguration section */

/* Begin XCConfigurationList section */
		136A3C0A204FABCB001CB138 /* Build configuration list for PBXProject "数量加减按钮" */ = {
			isa = XCConfigurationList;
			buildConfigurations = (
				136A3C39204FABCB001CB138 /* Debug */,
				136A3C3A204FABCB001CB138 /* Release */,
			);
			defaultConfigurationIsVisible = 0;
			defaultConfigurationName = Release;
		};
		136A3C3B204FABCB001CB138 /* Build configuration list for PBXNativeTarget "数量加减按钮" */ = {
			isa = XCConfigurationList;
			buildConfigurations = (
				136A3C3C204FABCB001CB138 /* Debug */,
				136A3C3D204FABCB001CB138 /* Release */,
			);
			defaultConfigurationIsVisible = 0;
			defaultConfigurationName = Release;
		};
		136A3C3E204FABCB001CB138 /* Build configuration list for PBXNativeTarget "数量加减按钮Tests" */ = {
			isa = XCConfigurationList;
			buildConfigurations = (
				136A3C3F204FABCB001CB138 /* Debug */,
				136A3C40204FABCB001CB138 /* Release */,
			);
			defaultConfigurationIsVisible = 0;
			defaultConfigurationName = Release;
		};
		136A3C41204FABCB001CB138 /* Build configuration list for PBXNativeTarget "数量加减按钮UITests" */ = {
			isa = XCConfigurationList;
			buildConfigurations = (
				136A3C42204FABCB001CB138 /* Debug */,
				136A3C43204FABCB001CB138 /* Release */,
			);
			defaultConfigurationIsVisible = 0;
			defaultConfigurationName = Release;
		};
/* End XCConfigurationList section */
	};
	rootObject = 136A3C07204FABCB001CB138 /* Project object */;
}
