// !$*UTF8*$!
{
	archiveVersion = 1;
	classes = {
	};
	objectVersion = 48;
	objects = {

/* Begin PBXBuildFile section */
		133F79C31FAFFB630018BF2D /* AppDelegate.m in Sources */ = {isa = PBXBuildFile; fileRef = 133F79C21FAFFB630018BF2D /* AppDelegate.m */; };
		133F79C61FAFFB630018BF2D /* ViewController.m in Sources */ = {isa = PBXBuildFile; fileRef = 133F79C51FAFFB630018BF2D /* ViewController.m */; };
		133F79C91FAFFB630018BF2D /* Main.storyboard in Resources */ = {isa = PBXBuildFile; fileRef = 133F79C71FAFFB630018BF2D /* Main.storyboard */; };
		133F79CB1FAFFB630018BF2D /* Assets.xcassets in Resources */ = {isa = PBXBuildFile; fileRef = 133F79CA1FAFFB630018BF2D /* Assets.xcassets */; };
		133F79CE1FAFFB630018BF2D /* LaunchScreen.storyboard in Resources */ = {isa = PBXBuildFile; fileRef = 133F79CC1FAFFB630018BF2D /* LaunchScreen.storyboard */; };
		133F79D11FAFFB630018BF2D /* main.m in Sources */ = {isa = PBXBuildFile; fileRef = 133F79D01FAFFB630018BF2D /* main.m */; };
		133F79DB1FAFFB630018BF2D /* ______Tests.m in Sources */ = {isa = PBXBuildFile; fileRef = 133F79DA1FAFFB630018BF2D /* ______Tests.m */; };
		133F79E61FAFFB630018BF2D /* ______UITests.m in Sources */ = {isa = PBXBuildFile; fileRef = 133F79E51FAFFB630018BF2D /* ______UITests.m */; };
		133F79F61FAFFC5B0018BF2D /* DJXIndexTableView.m in Sources */ = {isa = PBXBuildFile; fileRef = 133F79F41FAFFC5B0018BF2D /* DJXIndexTableView.m */; };
		133F79F71FAFFC5B0018BF2D /* DJXIndexTableView.xib in Resources */ = {isa = PBXBuildFile; fileRef = 133F79F51FAFFC5B0018BF2D /* DJXIndexTableView.xib */; };
		133F79F91FAFFD360018BF2D /* city.plist in Resources */ = {isa = PBXBuildFile; fileRef = 133F79F81FAFFD360018BF2D /* city.plist */; };
/* End PBXBuildFile section */

/* Begin PBXContainerItemProxy section */
		133F79D71FAFFB630018BF2D /* PBXContainerItemProxy */ = {
			isa = PBXContainerItemProxy;
			containerPortal = 133F79B61FAFFB630018BF2D /* Project object */;
			proxyType = 1;
			remoteGlobalIDString = 133F79BD1FAFFB630018BF2D;
			remoteInfo = "通讯录索引表";
		};
		133F79E21FAFFB630018BF2D /* PBXContainerItemProxy */ = {
			isa = PBXContainerItemProxy;
			containerPortal = 133F79B61FAFFB630018BF2D /* Project object */;
			proxyType = 1;
			remoteGlobalIDString = 133F79BD1FAFFB630018BF2D;
			remoteInfo = "通讯录索引表";
		};
/* End PBXContainerItemProxy section */

/* Begin PBXFileReference section */
		133F79BE1FAFFB630018BF2D /* 通讯录索引表.app */ = {isa = PBXFileReference; explicitFileType = wrapper.application; includeInIndex = 0; path = "通讯录索引表.app"; sourceTree = BUILT_PRODUCTS_DIR; };
		133F79C11FAFFB630018BF2D /* AppDelegate.h */ = {isa = PBXFileReference; lastKnownFileType = sourcecode.c.h; path = AppDelegate.h; sourceTree = "<group>"; };
		133F79C21FAFFB630018BF2D /* AppDelegate.m */ = {isa = PBXFileReference; lastKnownFileType = sourcecode.c.objc; path = AppDelegate.m; sourceTree = "<group>"; };
		133F79C41FAFFB630018BF2D /* ViewController.h */ = {isa = PBXFileReference; lastKnownFileType = sourcecode.c.h; path = ViewController.h; sourceTree = "<group>"; };
		133F79C51FAFFB630018BF2D /* ViewController.m */ = {isa = PBXFileReference; lastKnownFileType = sourcecode.c.objc; path = ViewController.m; sourceTree = "<group>"; };
		133F79C81FAFFB630018BF2D /* Base */ = {isa = PBXFileReference; lastKnownFileType = file.storyboard; name = Base; path = Base.lproj/Main.storyboard; sourceTree = "<group>"; };
		133F79CA1FAFFB630018BF2D /* Assets.xcassets */ = {isa = PBXFileReference; lastKnownFileType = folder.assetcatalog; path = Assets.xcassets; sourceTree = "<group>"; };
		133F79CD1FAFFB630018BF2D /* Base */ = {isa = PBXFileReference; lastKnownFileType = file.storyboard; name = Base; path = Base.lproj/LaunchScreen.storyboard; sourceTree = "<group>"; };
		133F79CF1FAFFB630018BF2D /* Info.plist */ = {isa = PBXFileReference; lastKnownFileType = text.plist.xml; path = Info.plist; sourceTree = "<group>"; };
		133F79D01FAFFB630018BF2D /* main.m */ = {isa = PBXFileReference; lastKnownFileType = sourcecode.c.objc; path = main.m; sourceTree = "<group>"; };
		133F79D61FAFFB630018BF2D /* 通讯录索引表Tests.xctest */ = {isa = PBXFileReference; explicitFileType = wrapper.cfbundle; includeInIndex = 0; path = "通讯录索引表Tests.xctest"; sourceTree = BUILT_PRODUCTS_DIR; };
		133F79DA1FAFFB630018BF2D /* ______Tests.m */ = {isa = PBXFileReference; lastKnownFileType = sourcecode.c.objc; path = "______Tests.m"; sourceTree = "<group>"; };
		133F79DC1FAFFB630018BF2D /* Info.plist */ = {isa = PBXFileReference; lastKnownFileType = text.plist.xml; path = Info.plist; sourceTree = "<group>"; };
		133F79E11FAFFB630018BF2D /* 通讯录索引表UITests.xctest */ = {isa = PBXFileReference; explicitFileType = wrapper.cfbundle; includeInIndex = 0; path = "通讯录索引表UITests.xctest"; sourceTree = BUILT_PRODUCTS_DIR; };
		133F79E51FAFFB630018BF2D /* ______UITests.m */ = {isa = PBXFileReference; lastKnownFileType = sourcecode.c.objc; path = "______UITests.m"; sourceTree = "<group>"; };
		133F79E71FAFFB630018BF2D /* Info.plist */ = {isa = PBXFileReference; lastKnownFileType = text.plist.xml; path = Info.plist; sourceTree = "<group>"; };
		133F79F31FAFFC5B0018BF2D /* DJXIndexTableView.h */ = {isa = PBXFileReference; lastKnownFileType = sourcecode.c.h; path = DJXIndexTableView.h; sourceTree = "<group>"; };
		133F79F41FAFFC5B0018BF2D /* DJXIndexTableView.m */ = {isa = PBXFileReference; lastKnownFileType = sourcecode.c.objc; path = DJXIndexTableView.m; sourceTree = "<group>"; };
		133F79F51FAFFC5B0018BF2D /* DJXIndexTableView.xib */ = {isa = PBXFileReference; lastKnownFileType = file.xib; path = DJXIndexTableView.xib; sourceTree = "<group>"; };
		133F79F81FAFFD360018BF2D /* city.plist */ = {isa = PBXFileReference; lastKnownFileType = file.bplist; path = city.plist; sourceTree = "<group>"; };
/* End PBXFileReference section */

/* Begin PBXFrameworksBuildPhase section */
		133F79BB1FAFFB630018BF2D /* Frameworks */ = {
			isa = PBXFrameworksBuildPhase;
			buildActionMask = 2147483647;
			files = (
			);
			runOnlyForDeploymentPostprocessing = 0;
		};
		133F79D31FAFFB630018BF2D /* Frameworks */ = {
			isa = PBXFrameworksBuildPhase;
			buildActionMask = 2147483647;
			files = (
			);
			runOnlyForDeploymentPostprocessing = 0;
		};
		133F79DE1FAFFB630018BF2D /* Frameworks */ = {
			isa = PBXFrameworksBuildPhase;
			buildActionMask = 2147483647;
			files = (
			);
			runOnlyForDeploymentPostprocessing = 0;
		};
/* End PBXFrameworksBuildPhase section */

/* Begin PBXGroup section */
		133F79B51FAFFB630018BF2D = {
			isa = PBXGroup;
			children = (
				133F79C01FAFFB630018BF2D /* 通讯录索引表 */,
				133F79D91FAFFB630018BF2D /* 通讯录索引表Tests */,
				133F79E41FAFFB630018BF2D /* 通讯录索引表UITests */,
				133F79BF1FAFFB630018BF2D /* Products */,
			);
			sourceTree = "<group>";
		};
		133F79BF1FAFFB630018BF2D /* Products */ = {
			isa = PBXGroup;
			children = (
				133F79BE1FAFFB630018BF2D /* 通讯录索引表.app */,
				133F79D61FAFFB630018BF2D /* 通讯录索引表Tests.xctest */,
				133F79E11FAFFB630018BF2D /* 通讯录索引表UITests.xctest */,
			);
			name = Products;
			sourceTree = "<group>";
		};
		133F79C01FAFFB630018BF2D /* 通讯录索引表 */ = {
			isa = PBXGroup;
			children = (
				133F79C11FAFFB630018BF2D /* AppDelegate.h */,
				133F79C21FAFFB630018BF2D /* AppDelegate.m */,
				133F79C41FAFFB630018BF2D /* ViewController.h */,
				133F79C51FAFFB630018BF2D /* ViewController.m */,
				133F79C71FAFFB630018BF2D /* Main.storyboard */,
				133F79CA1FAFFB630018BF2D /* Assets.xcassets */,
				133F79CC1FAFFB630018BF2D /* LaunchScreen.storyboard */,
				133F79CF1FAFFB630018BF2D /* Info.plist */,
				133F79F81FAFFD360018BF2D /* city.plist */,
				133F79D01FAFFB630018BF2D /* main.m */,
				133F79F31FAFFC5B0018BF2D /* DJXIndexTableView.h */,
				133F79F41FAFFC5B0018BF2D /* DJXIndexTableView.m */,
				133F79F51FAFFC5B0018BF2D /* DJXIndexTableView.xib */,
			);
			path = "通讯录索引表";
			sourceTree = "<group>";
		};
		133F79D91FAFFB630018BF2D /* 通讯录索引表Tests */ = {
			isa = PBXGroup;
			children = (
				133F79DA1FAFFB630018BF2D /* ______Tests.m */,
				133F79DC1FAFFB630018BF2D /* Info.plist */,
			);
			path = "通讯录索引表Tests";
			sourceTree = "<group>";
		};
		133F79E41FAFFB630018BF2D /* 通讯录索引表UITests */ = {
			isa = PBXGroup;
			children = (
				133F79E51FAFFB630018BF2D /* ______UITests.m */,
				133F79E71FAFFB630018BF2D /* Info.plist */,
			);
			path = "通讯录索引表UITests";
			sourceTree = "<group>";
		};
/* End PBXGroup section */

/* Begin PBXNativeTarget section */
		133F79BD1FAFFB630018BF2D /* 通讯录索引表 */ = {
			isa = PBXNativeTarget;
			buildConfigurationList = 133F79EA1FAFFB630018BF2D /* Build configuration list for PBXNativeTarget "通讯录索引表" */;
			buildPhases = (
				133F79BA1FAFFB630018BF2D /* Sources */,
				133F79BB1FAFFB630018BF2D /* Frameworks */,
				133F79BC1FAFFB630018BF2D /* Resources */,
			);
			buildRules = (
			);
			dependencies = (
			);
			name = "通讯录索引表";
			productName = "通讯录索引表";
			productReference = 133F79BE1FAFFB630018BF2D /* 通讯录索引表.app */;
			productType = "com.apple.product-type.application";
		};
		133F79D51FAFFB630018BF2D /* 通讯录索引表Tests */ = {
			isa = PBXNativeTarget;
			buildConfigurationList = 133F79ED1FAFFB630018BF2D /* Build configuration list for PBXNativeTarget "通讯录索引表Tests" */;
			buildPhases = (
				133F79D21FAFFB630018BF2D /* Sources */,
				133F79D31FAFFB630018BF2D /* Frameworks */,
				133F79D41FAFFB630018BF2D /* Resources */,
			);
			buildRules = (
			);
			dependencies = (
				133F79D81FAFFB630018BF2D /* PBXTargetDependency */,
			);
			name = "通讯录索引表Tests";
			productName = "通讯录索引表Tests";
			productReference = 133F79D61FAFFB630018BF2D /* 通讯录索引表Tests.xctest */;
			productType = "com.apple.product-type.bundle.unit-test";
		};
		133F79E01FAFFB630018BF2D /* 通讯录索引表UITests */ = {
			isa = PBXNativeTarget;
			buildConfigurationList = 133F79F01FAFFB630018BF2D /* Build configuration list for PBXNativeTarget "通讯录索引表UITests" */;
			buildPhases = (
				133F79DD1FAFFB630018BF2D /* Sources */,
				133F79DE1FAFFB630018BF2D /* Frameworks */,
				133F79DF1FAFFB630018BF2D /* Resources */,
			);
			buildRules = (
			);
			dependencies = (
				133F79E31FAFFB630018BF2D /* PBXTargetDependency */,
			);
			name = "通讯录索引表UITests";
			productName = "通讯录索引表UITests";
			productReference = 133F79E11FAFFB630018BF2D /* 通讯录索引表UITests.xctest */;
			productType = "com.apple.product-type.bundle.ui-testing";
		};
/* End PBXNativeTarget section */

/* Begin PBXProject section */
		133F79B61FAFFB630018BF2D /* Project object */ = {
			isa = PBXProject;
			attributes = {
				LastUpgradeCheck = 0910;
				ORGANIZATIONNAME = Jack_D;
				TargetAttributes = {
					133F79BD1FAFFB630018BF2D = {
						CreatedOnToolsVersion = 9.1;
						ProvisioningStyle = Automatic;
					};
					133F79D51FAFFB630018BF2D = {
						CreatedOnToolsVersion = 9.1;
						ProvisioningStyle = Automatic;
						TestTargetID = 133F79BD1FAFFB630018BF2D;
					};
					133F79E01FAFFB630018BF2D = {
						CreatedOnToolsVersion = 9.1;
						ProvisioningStyle = Automatic;
						TestTargetID = 133F79BD1FAFFB630018BF2D;
					};
				};
			};
			buildConfigurationList = 133F79B91FAFFB630018BF2D /* Build configuration list for PBXProject "通讯录索引表" */;
			compatibilityVersion = "Xcode 8.0";
			developmentRegion = en;
			hasScannedForEncodings = 0;
			knownRegions = (
				en,
				Base,
			);
			mainGroup = 133F79B51FAFFB630018BF2D;
			productRefGroup = 133F79BF1FAFFB630018BF2D /* Products */;
			projectDirPath = "";
			projectRoot = "";
			targets = (
				133F79BD1FAFFB630018BF2D /* 通讯录索引表 */,
				133F79D51FAFFB630018BF2D /* 通讯录索引表Tests */,
				133F79E01FAFFB630018BF2D /* 通讯录索引表UITests */,
			);
		};
/* End PBXProject section */

/* Begin PBXResourcesBuildPhase section */
		133F79BC1FAFFB630018BF2D /* Resources */ = {
			isa = PBXResourcesBuildPhase;
			buildActionMask = 2147483647;
			files = (
				133F79CE1FAFFB630018BF2D /* LaunchScreen.storyboard in Resources */,
				133F79CB1FAFFB630018BF2D /* Assets.xcassets in Resources */,
				133F79F91FAFFD360018BF2D /* city.plist in Resources */,
				133F79C91FAFFB630018BF2D /* Main.storyboard in Resources */,
				133F79F71FAFFC5B0018BF2D /* DJXIndexTableView.xib in Resources */,
			);
			runOnlyForDeploymentPostprocessing = 0;
		};
		133F79D41FAFFB630018BF2D /* Resources */ = {
			isa = PBXResourcesBuildPhase;
			buildActionMask = 2147483647;
			files = (
			);
			runOnlyForDeploymentPostprocessing = 0;
		};
		133F79DF1FAFFB630018BF2D /* Resources */ = {
			isa = PBXResourcesBuildPhase;
			buildActionMask = 2147483647;
			files = (
			);
			runOnlyForDeploymentPostprocessing = 0;
		};
/* End PBXResourcesBuildPhase section */

/* Begin PBXSourcesBuildPhase section */
		133F79BA1FAFFB630018BF2D /* Sources */ = {
			isa = PBXSourcesBuildPhase;
			buildActionMask = 2147483647;
			files = (
				133F79C61FAFFB630018BF2D /* ViewController.m in Sources */,
				133F79D11FAFFB630018BF2D /* main.m in Sources */,
				133F79C31FAFFB630018BF2D /* AppDelegate.m in Sources */,
				133F79F61FAFFC5B0018BF2D /* DJXIndexTableView.m in Sources */,
			);
			runOnlyForDeploymentPostprocessing = 0;
		};
		133F79D21FAFFB630018BF2D /* Sources */ = {
			isa = PBXSourcesBuildPhase;
			buildActionMask = 2147483647;
			files = (
				133F79DB1FAFFB630018BF2D /* ______Tests.m in Sources */,
			);
			runOnlyForDeploymentPostprocessing = 0;
		};
		133F79DD1FAFFB630018BF2D /* Sources */ = {
			isa = PBXSourcesBuildPhase;
			buildActionMask = 2147483647;
			files = (
				133F79E61FAFFB630018BF2D /* ______UITests.m in Sources */,
			);
			runOnlyForDeploymentPostprocessing = 0;
		};
/* End PBXSourcesBuildPhase section */

/* Begin PBXTargetDependency section */
		133F79D81FAFFB630018BF2D /* PBXTargetDependency */ = {
			isa = PBXTargetDependency;
			target = 133F79BD1FAFFB630018BF2D /* 通讯录索引表 */;
			targetProxy = 133F79D71FAFFB630018BF2D /* PBXContainerItemProxy */;
		};
		133F79E31FAFFB630018BF2D /* PBXTargetDependency */ = {
			isa = PBXTargetDependency;
			target = 133F79BD1FAFFB630018BF2D /* 通讯录索引表 */;
			targetProxy = 133F79E21FAFFB630018BF2D /* PBXContainerItemProxy */;
		};
/* End PBXTargetDependency section */

/* Begin PBXVariantGroup section */
		133F79C71FAFFB630018BF2D /* Main.storyboard */ = {
			isa = PBXVariantGroup;
			children = (
				133F79C81FAFFB630018BF2D /* Base */,
			);
			name = Main.storyboard;
			sourceTree = "<group>";
		};
		133F79CC1FAFFB630018BF2D /* LaunchScreen.storyboard */ = {
			isa = PBXVariantGroup;
			children = (
				133F79CD1FAFFB630018BF2D /* Base */,
			);
			name = LaunchScreen.storyboard;
			sourceTree = "<group>";
		};
/* End PBXVariantGroup section */

/* Begin XCBuildConfiguration section */
		133F79E81FAFFB630018BF2D /* Debug */ = {
			isa = XCBuildConfiguration;
			buildSettings = {
				ALWAYS_SEARCH_USER_PATHS = NO;
				CLANG_ANALYZER_NONNULL = YES;
				CLANG_ANALYZER_NUMBER_OBJECT_CONVERSION = YES_AGGRESSIVE;
				CLANG_CXX_LANGUAGE_STANDARD = "gnu++14";
				CLANG_CXX_LIBRARY = "libc++";
				CLANG_ENABLE_MODULES = YES;
				CLANG_ENABLE_OBJC_ARC = YES;
				CLANG_WARN_BLOCK_CAPTURE_AUTORELEASING = YES;
				CLANG_WARN_BOOL_CONVERSION = YES;
				CLANG_WARN_COMMA = YES;
				CLANG_WARN_CONSTANT_CONVERSION = YES;
				CLANG_WARN_DIRECT_OBJC_ISA_USAGE = YES_ERROR;
				CLANG_WARN_DOCUMENTATION_COMMENTS = YES;
				CLANG_WARN_EMPTY_BODY = YES;
				CLANG_WARN_ENUM_CONVERSION = YES;
				CLANG_WARN_INFINITE_RECURSION = YES;
				CLANG_WARN_INT_CONVERSION = YES;
				CLANG_WARN_NON_LITERAL_NULL_CONVERSION = YES;
				CLANG_WARN_OBJC_LITERAL_CONVERSION = YES;
				CLANG_WARN_OBJC_ROOT_CLASS = YES_ERROR;
				CLANG_WARN_RANGE_LOOP_ANALYSIS = YES;
				CLANG_WARN_STRICT_PROTOTYPES = YES;
				CLANG_WARN_SUSPICIOUS_MOVE = YES;
				CLANG_WARN_UNGUARDED_AVAILABILITY = YES_AGGRESSIVE;
				CLANG_WARN_UNREACHABLE_CODE = YES;
				CLANG_WARN__DUPLICATE_METHOD_MATCH = YES;
				CODE_SIGN_IDENTITY = "iPhone Developer";
				COPY_PHASE_STRIP = NO;
				DEBUG_INFORMATION_FORMAT = dwarf;
				ENABLE_STRICT_OBJC_MSGSEND = YES;
				ENABLE_TESTABILITY = YES;
				GCC_C_LANGUAGE_STANDARD = gnu11;
				GCC_DYNAMIC_NO_PIC = NO;
				GCC_NO_COMMON_BLOCKS = YES;
				GCC_OPTIMIZATION_LEVEL = 0;
				GCC_PREPROCESSOR_DEFINITIONS = (
					"DEBUG=1",
					"$(inherited)",
				);
				GCC_WARN_64_TO_32_BIT_CONVERSION = YES;
				GCC_WARN_ABOUT_RETURN_TYPE = YES_ERROR;
				GCC_WARN_UNDECLARED_SELECTOR = YES;
				GCC_WARN_UNINITIALIZED_AUTOS = YES_AGGRESSIVE;
				GCC_WARN_UNUSED_FUNCTION = YES;
				GCC_WARN_UNUSED_VARIABLE = YES;
				IPHONEOS_DEPLOYMENT_TARGET = 11.1;
				MTL_ENABLE_DEBUG_INFO = YES;
				ONLY_ACTIVE_ARCH = YES;
				SDKROOT = iphoneos;
			};
			name = Debug;
		};
		133F79E91FAFFB630018BF2D /* Release */ = {
			isa = XCBuildConfiguration;
			buildSettings = {
				ALWAYS_SEARCH_USER_PATHS = NO;
				CLANG_ANALYZER_NONNULL = YES;
				CLANG_ANALYZER_NUMBER_OBJECT_CONVERSION = YES_AGGRESSIVE;
				CLANG_CXX_LANGUAGE_STANDARD = "gnu++14";
				CLANG_CXX_LIBRARY = "libc++";
				CLANG_ENABLE_MODULES = YES;
				CLANG_ENABLE_OBJC_ARC = YES;
				CLANG_WARN_BLOCK_CAPTURE_AUTORELEASING = YES;
				CLANG_WARN_BOOL_CONVERSION = YES;
				CLANG_WARN_COMMA = YES;
				CLANG_WARN_CONSTANT_CONVERSION = YES;
				CLANG_WARN_DIRECT_OBJC_ISA_USAGE = YES_ERROR;
				CLANG_WARN_DOCUMENTATION_COMMENTS = YES;
				CLANG_WARN_EMPTY_BODY = YES;
				CLANG_WARN_ENUM_CONVERSION = YES;
				CLANG_WARN_INFINITE_RECURSION = YES;
				CLANG_WARN_INT_CONVERSION = YES;
				CLANG_WARN_NON_LITERAL_NULL_CONVERSION = YES;
				CLANG_WARN_OBJC_LITERAL_CONVERSION = YES;
				CLANG_WARN_OBJC_ROOT_CLASS = YES_ERROR;
				CLANG_WARN_RANGE_LOOP_ANALYSIS = YES;
				CLANG_WARN_STRICT_PROTOTYPES = YES;
				CLANG_WARN_SUSPICIOUS_MOVE = YES;
				CLANG_WARN_UNGUARDED_AVAILABILITY = YES_AGGRESSIVE;
				CLANG_WARN_UNREACHABLE_CODE = YES;
				CLANG_WARN__DUPLICATE_METHOD_MATCH = YES;
				CODE_SIGN_IDENTITY = "iPhone Developer";
				COPY_PHASE_STRIP = NO;
				DEBUG_INFORMATION_FORMAT = "dwarf-with-dsym";
				ENABLE_NS_ASSERTIONS = NO;
				ENABLE_STRICT_OBJC_MSGSEND = YES;
				GCC_C_LANGUAGE_STANDARD = gnu11;
				GCC_NO_COMMON_BLOCKS = YES;
				GCC_WARN_64_TO_32_BIT_CONVERSION = YES;
				GCC_WARN_ABOUT_RETURN_TYPE = YES_ERROR;
				GCC_WARN_UNDECLARED_SELECTOR = YES;
				GCC_WARN_UNINITIALIZED_AUTOS = YES_AGGRESSIVE;
				GCC_WARN_UNUSED_FUNCTION = YES;
				GCC_WARN_UNUSED_VARIABLE = YES;
				IPHONEOS_DEPLOYMENT_TARGET = 11.1;
				MTL_ENABLE_DEBUG_INFO = NO;
				SDKROOT = iphoneos;
				VALIDATE_PRODUCT = YES;
			};
			name = Release;
		};
		133F79EB1FAFFB630018BF2D /* Debug */ = {
			isa = XCBuildConfiguration;
			buildSettings = {
				ASSETCATALOG_COMPILER_APPICON_NAME = AppIcon;
				CODE_SIGN_STYLE = Automatic;
				DEVELOPMENT_TEAM = FAD5RKZHCT;
				INFOPLIST_FILE = "通讯录索引表/Info.plist";
				LD_RUNPATH_SEARCH_PATHS = "$(inherited) @executable_path/Frameworks";
				PRODUCT_BUNDLE_IDENTIFIER = com.index.djx;
				PRODUCT_NAME = "$(TARGET_NAME)";
				TARGETED_DEVICE_FAMILY = "1,2";
			};
			name = Debug;
		};
		133F79EC1FAFFB630018BF2D /* Release */ = {
			isa = XCBuildConfiguration;
			buildSettings = {
				ASSETCATALOG_COMPILER_APPICON_NAME = AppIcon;
				CODE_SIGN_STYLE = Automatic;
				DEVELOPMENT_TEAM = FAD5RKZHCT;
				INFOPLIST_FILE = "通讯录索引表/Info.plist";
				LD_RUNPATH_SEARCH_PATHS = "$(inherited) @executable_path/Frameworks";
				PRODUCT_BUNDLE_IDENTIFIER = com.index.djx;
				PRODUCT_NAME = "$(TARGET_NAME)";
				TARGETED_DEVICE_FAMILY = "1,2";
			};
			name = Release;
		};
		133F79EE1FAFFB630018BF2D /* Debug */ = {
			isa = XCBuildConfiguration;
			buildSettings = {
				BUNDLE_LOADER = "$(TEST_HOST)";
				CODE_SIGN_STYLE = Automatic;
				DEVELOPMENT_TEAM = FAD5RKZHCT;
				INFOPLIST_FILE = "通讯录索引表Tests/Info.plist";
				LD_RUNPATH_SEARCH_PATHS = "$(inherited) @executable_path/Frameworks @loader_path/Frameworks";
				PRODUCT_BUNDLE_IDENTIFIER = "com.index.------Tests";
				PRODUCT_NAME = "$(TARGET_NAME)";
				TARGETED_DEVICE_FAMILY = "1,2";
				TEST_HOST = "$(BUILT_PRODUCTS_DIR)/通讯录索引表.app/通讯录索引表";
			};
			name = Debug;
		};
		133F79EF1FAFFB630018BF2D /* Release */ = {
			isa = XCBuildConfiguration;
			buildSettings = {
				BUNDLE_LOADER = "$(TEST_HOST)";
				CODE_SIGN_STYLE = Automatic;
				DEVELOPMENT_TEAM = FAD5RKZHCT;
				INFOPLIST_FILE = "通讯录索引表Tests/Info.plist";
				LD_RUNPATH_SEARCH_PATHS = "$(inherited) @executable_path/Frameworks @loader_path/Frameworks";
				PRODUCT_BUNDLE_IDENTIFIER = "com.index.------Tests";
				PRODUCT_NAME = "$(TARGET_NAME)";
				TARGETED_DEVICE_FAMILY = "1,2";
				TEST_HOST = "$(BUILT_PRODUCTS_DIR)/通讯录索引表.app/通讯录索引表";
			};
			name = Release;
		};
		133F79F11FAFFB630018BF2D /* Debug */ = {
			isa = XCBuildConfiguration;
			buildSettings = {
				CODE_SIGN_STYLE = Automatic;
				DEVELOPMENT_TEAM = FAD5RKZHCT;
				INFOPLIST_FILE = "通讯录索引表UITests/Info.plist";
				LD_RUNPATH_SEARCH_PATHS = "$(inherited) @executable_path/Frameworks @loader_path/Frameworks";
				PRODUCT_BUNDLE_IDENTIFIER = "com.index.------UITests";
				PRODUCT_NAME = "$(TARGET_NAME)";
				TARGETED_DEVICE_FAMILY = "1,2";
				TEST_TARGET_NAME = "通讯录索引表";
			};
			name = Debug;
		};
		133F79F21FAFFB630018BF2D /* Release */ = {
			isa = XCBuildConfiguration;
			buildSettings = {
				CODE_SIGN_STYLE = Automatic;
				DEVELOPMENT_TEAM = FAD5RKZHCT;
				INFOPLIST_FILE = "通讯录索引表UITests/Info.plist";
				LD_RUNPATH_SEARCH_PATHS = "$(inherited) @executable_path/Frameworks @loader_path/Frameworks";
				PRODUCT_BUNDLE_IDENTIFIER = "com.index.------UITests";
				PRODUCT_NAME = "$(TARGET_NAME)";
				TARGETED_DEVICE_FAMILY = "1,2";
				TEST_TARGET_NAME = "通讯录索引表";
			};
			name = Release;
		};
/* End XCBuildConfiguration section */

/* Begin XCConfigurationList section */
		133F79B91FAFFB630018BF2D /* Build configuration list for PBXProject "通讯录索引表" */ = {
			isa = XCConfigurationList;
			buildConfigurations = (
				133F79E81FAFFB630018BF2D /* Debug */,
				133F79E91FAFFB630018BF2D /* Release */,
			);
			defaultConfigurationIsVisible = 0;
			defaultConfigurationName = Release;
		};
		133F79EA1FAFFB630018BF2D /* Build configuration list for PBXNativeTarget "通讯录索引表" */ = {
			isa = XCConfigurationList;
			buildConfigurations = (
				133F79EB1FAFFB630018BF2D /* Debug */,
				133F79EC1FAFFB630018BF2D /* Release */,
			);
			defaultConfigurationIsVisible = 0;
			defaultConfigurationName = Release;
		};
		133F79ED1FAFFB630018BF2D /* Build configuration list for PBXNativeTarget "通讯录索引表Tests" */ = {
			isa = XCConfigurationList;
			buildConfigurations = (
				133F79EE1FAFFB630018BF2D /* Debug */,
				133F79EF1FAFFB630018BF2D /* Release */,
			);
			defaultConfigurationIsVisible = 0;
			defaultConfigurationName = Release;
		};
		133F79F01FAFFB630018BF2D /* Build configuration list for PBXNativeTarget "通讯录索引表UITests" */ = {
			isa = XCConfigurationList;
			buildConfigurations = (
				133F79F11FAFFB630018BF2D /* Debug */,
				133F79F21FAFFB630018BF2D /* Release */,
			);
			defaultConfigurationIsVisible = 0;
			defaultConfigurationName = Release;
		};
/* End XCConfigurationList section */
	};
	rootObject = 133F79B61FAFFB630018BF2D /* Project object */;
}
